
Microsoft Visual Studio Solution File, Format Version 12.00
# Visual Studio Version 17
VisualStudioVersion = 17.2.32616.157
MinimumVisualStudioVersion = 10.0.40219.1
Project("{FAE04EC0-301F-11D3-BF4B-00C04F79EFBC}") = "NZWalks.API", "NZWalks.API\NZWalks.API.csproj", "{0A70D9E9-40FE-40A6-9C85-04101E7B4FF5}"
EndProject
Global
	GlobalSection(SolutionConfigurationPlatforms) = preSolution
		Debug|Any CPU = Debug|Any CPU
		Release|Any CPU = Release|Any CPU
	EndGlobalSection
	GlobalSection(ProjectConfigurationPlatforms) = postSolution
		{0A70D9E9-40FE-40A6-9C85-04101E7B4FF5}.Debug|Any CPU.ActiveCfg = Debug|Any CPU
		{0A70D9E9-40FE-40A6-9C85-04101E7B4FF5}.Debug|Any CPU.Build.0 = Debug|Any CPU
		{0A70D9E9-40FE-40A6-9C85-04101E7B4FF5}.Release|Any CPU.ActiveCfg = Release|Any CPU
		{0A70D9E9-40FE-40A6-9C85-04101E7B4FF5}.Release|Any CPU.Build.0 = Release|Any CPU
	EndGlobalSection
	GlobalSection(SolutionProperties) = preSolution
		HideSolutionNode = FALSE
	EndGlobalSection
	GlobalSection(ExtensibilityGlobals) = postSolution
		SolutionGuid = {912818F0-F3E8-4C49-9BE2-296912D2CAA1}
	EndGlobalSection
EndGlobal
